
Microsoft Visual Studio Solution File, Format Version 12.00
# Visual Studio Version 17
VisualStudioVersion = 17.3.32922.545
MinimumVisualStudioVersion = 10.0.40219.1
Project("{FAE04EC0-301F-11D3-BF4B-00C04F79EFBC}") = "RoundTheCode.AppSettings", "RoundTheCode.AppSettings.01ReadValue\RoundTheCode.AppSettings.csproj", "{D0341DD6-05C0-45EA-A823-7EB55ECA3EB8}"
EndProject
Global
	GlobalSection(SolutionConfigurationPlatforms) = preSolution
		Debug|Any CPU = Debug|Any CPU
		Release|Any CPU = Release|Any CPU
	EndGlobalSection
	GlobalSection(ProjectConfigurationPlatforms) = postSolution
		{D0341DD6-05C0-45EA-A823-7EB55ECA3EB8}.Debug|Any CPU.ActiveCfg = Debug|Any CPU
		{D0341DD6-05C0-45EA-A823-7EB55ECA3EB8}.Debug|Any CPU.Build.0 = Debug|Any CPU
		{D0341DD6-05C0-45EA-A823-7EB55ECA3EB8}.Release|Any CPU.ActiveCfg = Release|Any CPU
		{D0341DD6-05C0-45EA-A823-7EB55ECA3EB8}.Release|Any CPU.Build.0 = Release|Any CPU
	EndGlobalSection
	GlobalSection(SolutionProperties) = preSolution
		HideSolutionNode = FALSE
	EndGlobalSection
	GlobalSection(ExtensibilityGlobals) = postSolution
		SolutionGuid = {C0471842-CBDA-4FF6-8EC3-E479BA40A442}
	EndGlobalSection
EndGlobal
